
Microsoft Visual Studio Solution File, Format Version 12.00
# Visual Studio Version 16
VisualStudioVersion = 16.0.31313.79
MinimumVisualStudioVersion = 10.0.40219.1
Project("{FAE04EC0-301F-11D3-BF4B-00C04F79EFBC}") = "SharpNBTScan", "SharpNBTScan\SharpNBTScan.csproj", "{A398655A-D83F-46BF-8173-3AD16260D970}"
EndProject
Global
	GlobalSection(SolutionConfigurationPlatforms) = preSolution
		Debug|Any CPU = Debug|Any CPU
		Release|Any CPU = Release|Any CPU
	EndGlobalSection
	GlobalSection(ProjectConfigurationPlatforms) = postSolution
		{A398655A-D83F-46BF-8173-3AD16260D970}.Debug|Any CPU.ActiveCfg = Debug|Any CPU
		{A398655A-D83F-46BF-8173-3AD16260D970}.Debug|Any CPU.Build.0 = Debug|Any CPU
		{A398655A-D83F-46BF-8173-3AD16260D970}.Release|Any CPU.ActiveCfg = Release|Any CPU
		{A398655A-D83F-46BF-8173-3AD16260D970}.Release|Any CPU.Build.0 = Release|Any CPU
	EndGlobalSection
	GlobalSection(SolutionProperties) = preSolution
		HideSolutionNode = FALSE
	EndGlobalSection
	GlobalSection(ExtensibilityGlobals) = postSolution
		SolutionGuid = {966B7587-AD34-4C2B-9C58-E6A919C146DF}
	EndGlobalSection
EndGlobal
